# THIS IS AN AUTOGENERATED FILE. DO NOT EDIT THIS FILE DIRECTLY.
# yarn lockfile v1


"@babel/runtime@^7.1.5", "@babel/runtime@^7.2.0":
  version "7.6.3"
  resolved "https://registry.yarnpkg.com/@babel/runtime/-/runtime-7.6.3.tgz#935122c74c73d2240cafd32ddb5fc2a6cd35cf1f"
  dependencies:
    regenerator-runtime "^0.13.2"

blueflag-record@^0.4.5:
  version "0.4.5"
  resolved "https://registry.yarnpkg.com/blueflag-record/-/blueflag-record-0.4.5.tgz#7e5c877296b81529f9429e9ad6fb013dd675da59"
  dependencies:
    unmutable "^0.46.1"

dataparcels@^1.0.1:
  version "1.0.1"
  resolved "https://registry.yarnpkg.com/dataparcels/-/dataparcels-1.0.1.tgz#e0061772dffaca43c26bf6fd1c63d8341c05eeb7"
  dependencies:
    "@babel/runtime" "^7.1.5"
    unmutable "^0.46.1"

fast-deep-equal@^1.0.0:
  version "1.1.0"
  resolved "https://registry.yarnpkg.com/fast-deep-equal/-/fast-deep-equal-1.1.0.tgz#c053477817c86b51daa853c81e059b733d023614"

invariant@^2.2.4:
  version "2.2.4"
  resolved "https://registry.yarnpkg.com/invariant/-/invariant-2.2.4.tgz#610f3c92c9359ce1db616e538008d23ff35158e6"
  dependencies:
    loose-envify "^1.0.0"

is-plain-object@^2.0.4:
  version "2.0.4"
  resolved "https://registry.yarnpkg.com/is-plain-object/-/is-plain-object-2.0.4.tgz#2c163b3fafb1b606d9d17928f05c2a1c38e07677"
  dependencies:
    isobject "^3.0.1"

is-promise@^2.1.0:
  version "2.1.0"
  resolved "https://registry.yarnpkg.com/is-promise/-/is-promise-2.1.0.tgz#79a2a9ece7f096e80f36d2b2f3bc16c1ff4bf3fa"

isobject@^3.0.1:
  version "3.0.1"
  resolved "https://registry.yarnpkg.com/isobject/-/isobject-3.0.1.tgz#4e431e92b11a9731636aa1f9c8d1ccbcfdab78df"

"js-tokens@^3.0.0 || ^4.0.0":
  version "4.0.0"
  resolved "https://registry.yarnpkg.com/js-tokens/-/js-tokens-4.0.0.tgz#19203fb59991df98e3a287050d4647cdeaf32499"

lodash.range@^3.2.0:
  version "3.2.0"
  resolved "https://registry.yarnpkg.com/lodash.range/-/lodash.range-3.2.0.tgz#f461e588f66683f7eadeade513e38a69a565a15d"

loose-envify@^1.0.0, loose-envify@^1.1.0, loose-envify@^1.4.0:
  version "1.4.0"
  resolved "https://registry.yarnpkg.com/loose-envify/-/loose-envify-1.4.0.tgz#71ee51fa7be4caec1a63839f7e682d8132d30caf"
  dependencies:
    js-tokens "^3.0.0 || ^4.0.0"

object-assign@^4.1.1:
  version "4.1.1"
  resolved "https://registry.yarnpkg.com/object-assign/-/object-assign-4.1.1.tgz#2109adc7965887cfc05cbbd442cac8bfbb360863"

prop-types@^15.5.7, prop-types@^15.6.2:
  version "15.7.2"
  resolved "https://registry.yarnpkg.com/prop-types/-/prop-types-15.7.2.tgz#52c41e75b8c87e72b9d9360e0206b99dcbffa6c5"
  dependencies:
    loose-envify "^1.4.0"
    object-assign "^4.1.1"
    react-is "^16.8.1"

react-dataparcels-drag@^1.0.1:
  version "1.0.1"
  resolved "https://registry.yarnpkg.com/react-dataparcels-drag/-/react-dataparcels-drag-1.0.1.tgz#638cfa15fb4bb3c6925c8908dcb485ba251148b6"
  dependencies:
    "@babel/runtime" "^7.1.5"
    react-sortable-hoc "1.4.0"
    unmutable "^0.46.1"

react-dataparcels@^1.0.1:
  version "1.0.1"
  resolved "https://registry.yarnpkg.com/react-dataparcels/-/react-dataparcels-1.0.1.tgz#60ace16033eae1e21322d2447de107157bbcdcf1"
  dependencies:
    "@babel/runtime" "^7.1.5"
    dataparcels "^1.0.1"
    is-promise "^2.1.0"
    unmutable "^0.46.1"
    use-debounce "^1.1.3"

react-dom@^16.8.6:
  version "16.11.0"
  resolved "https://registry.yarnpkg.com/react-dom/-/react-dom-16.11.0.tgz#7e7c4a5a85a569d565c2462f5d345da2dd849af5"
  dependencies:
    loose-envify "^1.1.0"
    object-assign "^4.1.1"
    prop-types "^15.6.2"
    scheduler "^0.17.0"

react-is@^16.8.1:
  version "16.8.6"
  resolved "https://registry.yarnpkg.com/react-is/-/react-is-16.8.6.tgz#5bbc1e2d29141c9fbdfed456343fe2bc430a6a16"

react-sortable-hoc@1.4.0:
  version "1.4.0"
  resolved "https://registry.yarnpkg.com/react-sortable-hoc/-/react-sortable-hoc-1.4.0.tgz#b477ce700ba755754200a1dabd36e588e2f5608d"
  dependencies:
    "@babel/runtime" "^7.2.0"
    invariant "^2.2.4"
    prop-types "^15.5.7"

react@^16.8.6:
  version "16.11.0"
  resolved "https://registry.yarnpkg.com/react/-/react-16.11.0.tgz#d294545fe62299ccee83363599bf904e4a07fdbb"
  dependencies:
    loose-envify "^1.1.0"
    object-assign "^4.1.1"
    prop-types "^15.6.2"

regenerator-runtime@^0.13.2:
  version "0.13.3"
  resolved "https://registry.yarnpkg.com/regenerator-runtime/-/regenerator-runtime-0.13.3.tgz#7cf6a77d8f5c6f60eb73c5fc1955b2ceb01e6bf5"

scheduler@^0.17.0:
  version "0.17.0"
  resolved "https://registry.yarnpkg.com/scheduler/-/scheduler-0.17.0.tgz#7c9c673e4ec781fac853927916d1c426b6f3ddfe"
  dependencies:
    loose-envify "^1.1.0"
    object-assign "^4.1.1"

unmutable@^0.46.1:
  version "0.46.1"
  resolved "https://registry.yarnpkg.com/unmutable/-/unmutable-0.46.1.tgz#af1e4c5bec4905bd8d288be45bd215f7e4d5ccb1"
  dependencies:
    "@babel/runtime" "^7.1.5"
    fast-deep-equal "^1.0.0"
    is-plain-object "^2.0.4"
    lodash.range "^3.2.0"

use-debounce@^1.1.3:
  version "1.1.3"
  resolved "https://registry.yarnpkg.com/use-debounce/-/use-debounce-1.1.3.tgz#08b76fd8cc9b107e0a6d6ee8bb6c5fe97a14732f"
